FORGE
  remote: https://forgeapi.puppetlabs.com
  specs:
    alexharvey-firewall_multi (1.0.4)
      puppetlabs-firewall (< 2.0.0, >= 1.8.0)
    ceritsc-yum (0.9.6)
      puppetlabs-stdlib (>= 4.0.0)
    ispavailability-file_concat (0.3.0)
    lwf-remote_file (1.1.3)
    puppetlabs-apt (2.2.2)
      puppetlabs-stdlib (< 5.0.0, >= 4.5.0)
    puppetlabs-concat (1.2.5)
      puppetlabs-stdlib (< 5.0.0, >= 3.2.0)
    puppetlabs-firewall (1.8.0)
    puppetlabs-haproxy (1.4.0)
      puppetlabs-concat (< 2.0.0, >= 1.2.3)
      puppetlabs-stdlib (< 5.0.0, >= 3.2.0)
    puppetlabs-lvm (0.7.0)
      puppetlabs-stdlib (< 5.0.0, >= 4.1.0)
    puppetlabs-ntp (4.1.2)
      puppetlabs-stdlib (< 5.0.0, >= 4.6.0)
    puppetlabs-powershell (1.0.6)
    puppetlabs-stdlib (4.11.0)
    richardc-datacat (0.6.2)
    stahnma-epel (1.2.2)
      puppetlabs-stdlib (>= 3.0.0)

GIT
  remote: https://github.com/arioch/puppet-redis.git
  ref: master
  sha: 62c0c71e59182ebc252a9405db68b7a1538a745e
  specs:
    arioch-redis (1.2.1)
      puppetlabs-apt (< 3.0.0, >= 2.0.1)
      puppetlabs-stdlib (< 5.0.0, >= 1.0.2)
      stahnma-epel (< 2.0.0, >= 1.0.2)

GIT
  remote: https://github.com/camptocamp/puppet-archive.git
  ref: master
  sha: 57cd546e7e32eaf3085c4548f134b5609d8562a5
  specs:
    camptocamp-archive (0.8.1)

GIT
  remote: https://github.com/elastic/puppet-elasticsearch.git
  ref: master
  sha: 9b9118fe2ca7196af5f398381be19d1e6d70df9d
  specs:
    elasticsearch-elasticsearch (0.10.3)
      ceritsc-yum (< 1.0.0, >= 0.9.6)
      puppetlabs-apt (< 3.0.0, >= 1.4.0)
      puppetlabs-stdlib (< 5.0.0, >= 3.2.0)
      richardc-datacat (< 1.0.0, >= 0.6.2)

GIT
  remote: https://github.com/elastic/puppet-logstash.git
  ref: master
  sha: 6023462e3d45fcdce42b9ccf8be2be2e98636bad
  specs:
    elasticsearch-logstash (0.5.1)
      ispavailability-file_concat (>= 0.1.0)
      puppetlabs-stdlib (>= 3.2.0)

GIT
  remote: https://github.com/jfryman/puppet-nginx.git
  ref: master
  sha: 56e1c591bf5bfd06c34782c66953b3bc4b10fafa
  specs:
    jfryman-nginx (0.3.0)
      puppetlabs-apt (< 3.0.0, >= 1.8.0)
      puppetlabs-concat (< 3.0.0, >= 1.1.1)
      puppetlabs-stdlib (< 5.0.0, >= 4.2.0)

GIT
  remote: https://github.com/lesaux/puppet-kibana4.git
  ref: master
  sha: 43a6e5dca4778695364d01f86ca1948b7eae7575
  specs:
    lesaux-kibana4 (1.0.7)

GIT
  remote: https://github.com/pcfens/puppet-filebeat.git
  ref: master
  sha: f1a6c19092ea0cb763ef31aa54577fb8ce56060e
  specs:
    pcfens-filebeat (0.5.7)
      lwf-remote_file (< 2.0.0, >= 0.2.0)
      puppetlabs-apt (< 3.0.0, >= 2.0.0)
      puppetlabs-powershell (< 2.0.0, >= 1.0.1)
      puppetlabs-stdlib (< 5.0.0, >= 4.6.0)

GIT
  remote: https://github.com/thias/puppet-sysctl.git
  ref: master
  sha: fadc66807c90686b31de6009a92e32156b0d2d77
  specs:
    thias-sysctl (1.0.6)

DEPENDENCIES
  alexharvey-firewall_multi (>= 0)
  arioch-redis (>= 0)
  camptocamp-archive (>= 0)
  ceritsc-yum (>= 0)
  elasticsearch-elasticsearch (>= 0)
  elasticsearch-logstash (>= 0)
  jfryman-nginx (>= 0)
  lesaux-kibana4 (>= 0)
  pcfens-filebeat (>= 0)
  puppetlabs-firewall (>= 0)
  puppetlabs-haproxy (>= 0)
  puppetlabs-lvm (>= 0)
  puppetlabs-ntp (>= 0)
  puppetlabs-stdlib (>= 0)
  thias-sysctl (>= 0)

